
Microsoft Visual Studio Solution File, Format Version 12.00
# Visual Studio Version 17
VisualStudioVersion = 17.5.33627.172
MinimumVisualStudioVersion = 10.0.40219.1
Project("{FAE04EC0-301F-11D3-BF4B-00C04F79EFBC}") = "MultiDI", "MultiDI.csproj", "{93140049-8AB7-463C-AF2E-87BB6BC85171}"
EndProject
Global
	GlobalSection(SolutionConfigurationPlatforms) = preSolution
		Debug|Any CPU = Debug|Any CPU
		Release|Any CPU = Release|Any CPU
	EndGlobalSection
	GlobalSection(ProjectConfigurationPlatforms) = postSolution
		{93140049-8AB7-463C-AF2E-87BB6BC85171}.Debug|Any CPU.ActiveCfg = Debug|Any CPU
		{93140049-8AB7-463C-AF2E-87BB6BC85171}.Debug|Any CPU.Build.0 = Debug|Any CPU
		{93140049-8AB7-463C-AF2E-87BB6BC85171}.Release|Any CPU.ActiveCfg = Release|Any CPU
		{93140049-8AB7-463C-AF2E-87BB6BC85171}.Release|Any CPU.Build.0 = Release|Any CPU
	EndGlobalSection
	GlobalSection(SolutionProperties) = preSolution
		HideSolutionNode = FALSE
	EndGlobalSection
	GlobalSection(ExtensibilityGlobals) = postSolution
		SolutionGuid = {81891EF3-E3F9-4281-9FEF-3B094DE1A069}
	EndGlobalSection
EndGlobal
